
Microsoft Visual Studio Solution File, Format Version 12.00
# Visual Studio Version 17
VisualStudioVersion = 17.14.36603.0 d17.14
MinimumVisualStudioVersion = 10.0.40219.1
Project("{FAE04EC0-301F-11D3-BF4B-00C04F79EFBC}") = "sajidan_ukk-dekstop", "sajidan_ukk-dekstop.csproj", "{DDA6B86D-7D72-40E3-AD17-A832BA8E0768}"
EndProject
Global
	GlobalSection(SolutionConfigurationPlatforms) = preSolution
		Debug|Any CPU = Debug|Any CPU
		Release|Any CPU = Release|Any CPU
	EndGlobalSection
	GlobalSection(ProjectConfigurationPlatforms) = postSolution
		{DDA6B86D-7D72-40E3-AD17-A832BA8E0768}.Debug|Any CPU.ActiveCfg = Debug|Any CPU
		{DDA6B86D-7D72-40E3-AD17-A832BA8E0768}.Debug|Any CPU.Build.0 = Debug|Any CPU
		{DDA6B86D-7D72-40E3-AD17-A832BA8E0768}.Release|Any CPU.ActiveCfg = Release|Any CPU
		{DDA6B86D-7D72-40E3-AD17-A832BA8E0768}.Release|Any CPU.Build.0 = Release|Any CPU
	EndGlobalSection
	GlobalSection(SolutionProperties) = preSolution
		HideSolutionNode = FALSE
	EndGlobalSection
	GlobalSection(ExtensibilityGlobals) = postSolution
		SolutionGuid = {DEA54258-93DF-4628-9C55-BD72B7F47F0B}
	EndGlobalSection
EndGlobal
